// !$*UTF8*$!
{
	archiveVersion = 1;
	classes = {
	};
	objectVersion = 46;
	objects = {

/* Begin PBXBuildFile section */
		AE08F3ED1882F58A00B9D642 /* Foundation.framework in Frameworks */ = {isa = PBXBuildFile; fileRef = AE08F3EC1882F58A00B9D642 /* Foundation.framework */; };
		AE08F3EF1882F58A00B9D642 /* CoreGraphics.framework in Frameworks */ = {isa = PBXBuildFile; fileRef = AE08F3EE1882F58A00B9D642 /* CoreGraphics.framework */; };
		AE08F3F11882F58A00B9D642 /* UIKit.framework in Frameworks */ = {isa = PBXBuildFile; fileRef = AE08F3F01882F58A00B9D642 /* UIKit.framework */; };
		AE08F3F71882F58A00B9D642 /* InfoPlist.strings in Resources */ = {isa = PBXBuildFile; fileRef = AE08F3F51882F58A00B9D642 /* InfoPlist.strings */; };
		AE08F3F91882F58A00B9D642 /* main.m in Sources */ = {isa = PBXBuildFile; fileRef = AE08F3F81882F58A00B9D642 /* main.m */; };
		AE08F3FD1882F58A00B9D642 /* SGAppDelegate.m in Sources */ = {isa = PBXBuildFile; fileRef = AE08F3FC1882F58A00B9D642 /* SGAppDelegate.m */; };
		AE08F4061882F58A00B9D642 /* XCTest.framework in Frameworks */ = {isa = PBXBuildFile; fileRef = AE08F4051882F58A00B9D642 /* XCTest.framework */; };
		AE08F4071882F58A00B9D642 /* Foundation.framework in Frameworks */ = {isa = PBXBuildFile; fileRef = AE08F3EC1882F58A00B9D642 /* Foundation.framework */; };
		AE08F4081882F58A00B9D642 /* UIKit.framework in Frameworks */ = {isa = PBXBuildFile; fileRef = AE08F3F01882F58A00B9D642 /* UIKit.framework */; };
		AE08F4101882F58A00B9D642 /* InfoPlist.strings in Resources */ = {isa = PBXBuildFile; fileRef = AE08F40E1882F58A00B9D642 /* InfoPlist.strings */; };
		AE08F4121882F58A00B9D642 /* SGImageManagerTests.m in Sources */ = {isa = PBXBuildFile; fileRef = AE08F4111882F58A00B9D642 /* SGImageManagerTests.m */; };
		AE08F41C1882F6F800B9D642 /* Storyboard.storyboard in Resources */ = {isa = PBXBuildFile; fileRef = AE08F41B1882F6F800B9D642 /* Storyboard.storyboard */; };
		AE08F4251882F87500B9D642 /* SGViewController.m in Sources */ = {isa = PBXBuildFile; fileRef = AE08F4241882F87500B9D642 /* SGViewController.m */; };
		AE08F4281882FFA400B9D642 /* SGCell.m in Sources */ = {isa = PBXBuildFile; fileRef = AE08F4271882FFA400B9D642 /* SGCell.m */; };
		AE08F42A1883012300B9D642 /* Images.xcassets in Resources */ = {isa = PBXBuildFile; fileRef = AE08F4291883012300B9D642 /* Images.xcassets */; };
		AE08F42D1883531000B9D642 /* SGImageManager.m in Sources */ = {isa = PBXBuildFile; fileRef = AE08F42C1883531000B9D642 /* SGImageManager.m */; };
		AE08F43018835C4600B9D642 /* SGFetchImageOperation.m in Sources */ = {isa = PBXBuildFile; fileRef = AE08F42F18835C4600B9D642 /* SGFetchImageOperation.m */; };
/* End PBXBuildFile section */

/* Begin PBXContainerItemProxy section */
		AE08F4091882F58A00B9D642 /* PBXContainerItemProxy */ = {
			isa = PBXContainerItemProxy;
			containerPortal = AE08F3E11882F58A00B9D642 /* Project object */;
			proxyType = 1;
			remoteGlobalIDString = AE08F3E81882F58A00B9D642;
			remoteInfo = SGImageManager;
		};
/* End PBXContainerItemProxy section */

/* Begin PBXFileReference section */
		AE08F3E91882F58A00B9D642 /* SGImageManager.app */ = {isa = PBXFileReference; explicitFileType = wrapper.application; includeInIndex = 0; path = SGImageManager.app; sourceTree = BUILT_PRODUCTS_DIR; };
		AE08F3EC1882F58A00B9D642 /* Foundation.framework */ = {isa = PBXFileReference; lastKnownFileType = wrapper.framework; name = Foundation.framework; path = System/Library/Frameworks/Foundation.framework; sourceTree = SDKROOT; };
		AE08F3EE1882F58A00B9D642 /* CoreGraphics.framework */ = {isa = PBXFileReference; lastKnownFileType = wrapper.framework; name = CoreGraphics.framework; path = System/Library/Frameworks/CoreGraphics.framework; sourceTree = SDKROOT; };
		AE08F3F01882F58A00B9D642 /* UIKit.framework */ = {isa = PBXFileReference; lastKnownFileType = wrapper.framework; name = UIKit.framework; path = System/Library/Frameworks/UIKit.framework; sourceTree = SDKROOT; };
		AE08F3F41882F58A00B9D642 /* SGImageManager-Info.plist */ = {isa = PBXFileReference; lastKnownFileType = text.plist.xml; path = "SGImageManager-Info.plist"; sourceTree = "<group>"; };
		AE08F3F61882F58A00B9D642 /* en */ = {isa = PBXFileReference; lastKnownFileType = text.plist.strings; name = en; path = en.lproj/InfoPlist.strings; sourceTree = "<group>"; };
		AE08F3F81882F58A00B9D642 /* main.m */ = {isa = PBXFileReference; lastKnownFileType = sourcecode.c.objc; path = main.m; sourceTree = "<group>"; };
		AE08F3FA1882F58A00B9D642 /* SGImageManager-Prefix.pch */ = {isa = PBXFileReference; lastKnownFileType = sourcecode.c.h; path = "SGImageManager-Prefix.pch"; sourceTree = "<group>"; };
		AE08F3FB1882F58A00B9D642 /* SGAppDelegate.h */ = {isa = PBXFileReference; lastKnownFileType = sourcecode.c.h; path = SGAppDelegate.h; sourceTree = "<group>"; };
		AE08F3FC1882F58A00B9D642 /* SGAppDelegate.m */ = {isa = PBXFileReference; lastKnownFileType = sourcecode.c.objc; path = SGAppDelegate.m; sourceTree = "<group>"; };
		AE08F4041882F58A00B9D642 /* SGImageManagerTests.xctest */ = {isa = PBXFileReference; explicitFileType = wrapper.cfbundle; includeInIndex = 0; path = SGImageManagerTests.xctest; sourceTree = BUILT_PRODUCTS_DIR; };
		AE08F4051882F58A00B9D642 /* XCTest.framework */ = {isa = PBXFileReference; lastKnownFileType = wrapper.framework; name = XCTest.framework; path = Library/Frameworks/XCTest.framework; sourceTree = DEVELOPER_DIR; };
		AE08F40D1882F58A00B9D642 /* SGImageManagerTests-Info.plist */ = {isa = PBXFileReference; lastKnownFileType = text.plist.xml; path = "SGImageManagerTests-Info.plist"; sourceTree = "<group>"; };
		AE08F40F1882F58A00B9D642 /* en */ = {isa = PBXFileReference; lastKnownFileType = text.plist.strings; name = en; path = en.lproj/InfoPlist.strings; sourceTree = "<group>"; };
		AE08F4111882F58A00B9D642 /* SGImageManagerTests.m */ = {isa = PBXFileReference; lastKnownFileType = sourcecode.c.objc; path = SGImageManagerTests.m; sourceTree = "<group>"; };
		AE08F41B1882F6F800B9D642 /* Storyboard.storyboard */ = {isa = PBXFileReference; fileEncoding = 4; lastKnownFileType = file.storyboard; path = Storyboard.storyboard; sourceTree = "<group>"; };
		AE08F4231882F87500B9D642 /* SGViewController.h */ = {isa = PBXFileReference; fileEncoding = 4; lastKnownFileType = sourcecode.c.h; path = SGViewController.h; sourceTree = "<group>"; };
		AE08F4241882F87500B9D642 /* SGViewController.m */ = {isa = PBXFileReference; fileEncoding = 4; lastKnownFileType = sourcecode.c.objc; path = SGViewController.m; sourceTree = "<group>"; };
		AE08F4261882FFA400B9D642 /* SGCell.h */ = {isa = PBXFileReference; fileEncoding = 4; lastKnownFileType = sourcecode.c.h; path = SGCell.h; sourceTree = "<group>"; };
		AE08F4271882FFA400B9D642 /* SGCell.m */ = {isa = PBXFileReference; fileEncoding = 4; lastKnownFileType = sourcecode.c.objc; path = SGCell.m; sourceTree = "<group>"; };
		AE08F4291883012300B9D642 /* Images.xcassets */ = {isa = PBXFileReference; lastKnownFileType = folder.assetcatalog; path = Images.xcassets; sourceTree = "<group>"; };
		AE08F42B1883531000B9D642 /* SGImageManager.h */ = {isa = PBXFileReference; fileEncoding = 4; lastKnownFileType = sourcecode.c.h; name = SGImageManager.h; path = SGImageManager/SGImageManager.h; sourceTree = "<group>"; };
		AE08F42C1883531000B9D642 /* SGImageManager.m */ = {isa = PBXFileReference; fileEncoding = 4; lastKnownFileType = sourcecode.c.objc; name = SGImageManager.m; path = SGImageManager/SGImageManager.m; sourceTree = "<group>"; };
		AE08F42E18835C4600B9D642 /* SGFetchImageOperation.h */ = {isa = PBXFileReference; fileEncoding = 4; lastKnownFileType = sourcecode.c.h; name = SGFetchImageOperation.h; path = SGImageManager/SGFetchImageOperation.h; sourceTree = "<group>"; };
		AE08F42F18835C4600B9D642 /* SGFetchImageOperation.m */ = {isa = PBXFileReference; fileEncoding = 4; lastKnownFileType = sourcecode.c.objc; name = SGFetchImageOperation.m; path = SGImageManager/SGFetchImageOperation.m; sourceTree = "<group>"; };
/* End PBXFileReference section */

/* Begin PBXFrameworksBuildPhase section */
		AE08F3E61882F58A00B9D642 /* Frameworks */ = {
			isa = PBXFrameworksBuildPhase;
			buildActionMask = 2147483647;
			files = (
				AE08F3EF1882F58A00B9D642 /* CoreGraphics.framework in Frameworks */,
				AE08F3F11882F58A00B9D642 /* UIKit.framework in Frameworks */,
				AE08F3ED1882F58A00B9D642 /* Foundation.framework in Frameworks */,
			);
			runOnlyForDeploymentPostprocessing = 0;
		};
		AE08F4011882F58A00B9D642 /* Frameworks */ = {
			isa = PBXFrameworksBuildPhase;
			buildActionMask = 2147483647;
			files = (
				AE08F4061882F58A00B9D642 /* XCTest.framework in Frameworks */,
				AE08F4081882F58A00B9D642 /* UIKit.framework in Frameworks */,
				AE08F4071882F58A00B9D642 /* Foundation.framework in Frameworks */,
			);
			runOnlyForDeploymentPostprocessing = 0;
		};
/* End PBXFrameworksBuildPhase section */

/* Begin PBXGroup section */
		AE08F3E01882F58A00B9D642 = {
			isa = PBXGroup;
			children = (
				AE08F3F21882F58A00B9D642 /* SGImageManager */,
				AE08F40B1882F58A00B9D642 /* SGImageManagerTests */,
				AE08F3EB1882F58A00B9D642 /* Frameworks */,
				AE08F3EA1882F58A00B9D642 /* Products */,
			);
			sourceTree = "<group>";
		};
		AE08F3EA1882F58A00B9D642 /* Products */ = {
			isa = PBXGroup;
			children = (
				AE08F3E91882F58A00B9D642 /* SGImageManager.app */,
				AE08F4041882F58A00B9D642 /* SGImageManagerTests.xctest */,
			);
			name = Products;
			sourceTree = "<group>";
		};
		AE08F3EB1882F58A00B9D642 /* Frameworks */ = {
			isa = PBXGroup;
			children = (
				AE08F3EC1882F58A00B9D642 /* Foundation.framework */,
				AE08F3EE1882F58A00B9D642 /* CoreGraphics.framework */,
				AE08F3F01882F58A00B9D642 /* UIKit.framework */,
				AE08F4051882F58A00B9D642 /* XCTest.framework */,
			);
			name = Frameworks;
			sourceTree = "<group>";
		};
		AE08F3F21882F58A00B9D642 /* SGImageManager */ = {
			isa = PBXGroup;
			children = (
				AE08F43118835C6200B9D642 /* Image Manager */,
				AE08F3FB1882F58A00B9D642 /* SGAppDelegate.h */,
				AE08F3FC1882F58A00B9D642 /* SGAppDelegate.m */,
				AE08F3F31882F58A00B9D642 /* Supporting Files */,
				AE08F41B1882F6F800B9D642 /* Storyboard.storyboard */,
				AE08F4231882F87500B9D642 /* SGViewController.h */,
				AE08F4241882F87500B9D642 /* SGViewController.m */,
				AE08F4261882FFA400B9D642 /* SGCell.h */,
				AE08F4271882FFA400B9D642 /* SGCell.m */,
				AE08F4291883012300B9D642 /* Images.xcassets */,
			);
			path = SGImageManager;
			sourceTree = "<group>";
		};
		AE08F3F31882F58A00B9D642 /* Supporting Files */ = {
			isa = PBXGroup;
			children = (
				AE08F3F41882F58A00B9D642 /* SGImageManager-Info.plist */,
				AE08F3F51882F58A00B9D642 /* InfoPlist.strings */,
				AE08F3F81882F58A00B9D642 /* main.m */,
				AE08F3FA1882F58A00B9D642 /* SGImageManager-Prefix.pch */,
			);
			name = "Supporting Files";
			sourceTree = "<group>";
		};
		AE08F40B1882F58A00B9D642 /* SGImageManagerTests */ = {
			isa = PBXGroup;
			children = (
				AE08F4111882F58A00B9D642 /* SGImageManagerTests.m */,
				AE08F40C1882F58A00B9D642 /* Supporting Files */,
			);
			path = SGImageManagerTests;
			sourceTree = "<group>";
		};
		AE08F40C1882F58A00B9D642 /* Supporting Files */ = {
			isa = PBXGroup;
			children = (
				AE08F40D1882F58A00B9D642 /* SGImageManagerTests-Info.plist */,
				AE08F40E1882F58A00B9D642 /* InfoPlist.strings */,
			);
			name = "Supporting Files";
			sourceTree = "<group>";
		};
		AE08F43118835C6200B9D642 /* Image Manager */ = {
			isa = PBXGroup;
			children = (
				AE08F42B1883531000B9D642 /* SGImageManager.h */,
				AE08F42C1883531000B9D642 /* SGImageManager.m */,
				AE08F42E18835C4600B9D642 /* SGFetchImageOperation.h */,
				AE08F42F18835C4600B9D642 /* SGFetchImageOperation.m */,
			);
			name = "Image Manager";
			path = ..;
			sourceTree = "<group>";
		};
/* End PBXGroup section */

/* Begin PBXNativeTarget section */
		AE08F3E81882F58A00B9D642 /* SGImageManager */ = {
			isa = PBXNativeTarget;
			buildConfigurationList = AE08F4151882F58A00B9D642 /* Build configuration list for PBXNativeTarget "SGImageManager" */;
			buildPhases = (
				AE08F3E51882F58A00B9D642 /* Sources */,
				AE08F3E61882F58A00B9D642 /* Frameworks */,
				AE08F3E71882F58A00B9D642 /* Resources */,
			);
			buildRules = (
			);
			dependencies = (
			);
			name = SGImageManager;
			productName = SGImageManager;
			productReference = AE08F3E91882F58A00B9D642 /* SGImageManager.app */;
			productType = "com.apple.product-type.application";
		};
		AE08F4031882F58A00B9D642 /* SGImageManagerTests */ = {
			isa = PBXNativeTarget;
			buildConfigurationList = AE08F4181882F58A00B9D642 /* Build configuration list for PBXNativeTarget "SGImageManagerTests" */;
			buildPhases = (
				AE08F4001882F58A00B9D642 /* Sources */,
				AE08F4011882F58A00B9D642 /* Frameworks */,
				AE08F4021882F58A00B9D642 /* Resources */,
			);
			buildRules = (
			);
			dependencies = (
				AE08F40A1882F58A00B9D642 /* PBXTargetDependency */,
			);
			name = SGImageManagerTests;
			productName = SGImageManagerTests;
			productReference = AE08F4041882F58A00B9D642 /* SGImageManagerTests.xctest */;
			productType = "com.apple.product-type.bundle.unit-test";
		};
/* End PBXNativeTarget section */

/* Begin PBXProject section */
		AE08F3E11882F58A00B9D642 /* Project object */ = {
			isa = PBXProject;
			attributes = {
				CLASSPREFIX = SG;
				LastUpgradeCheck = 0500;
				ORGANIZATIONNAME = "Sundeep Gupta";
				TargetAttributes = {
					AE08F4031882F58A00B9D642 = {
						TestTargetID = AE08F3E81882F58A00B9D642;
					};
				};
			};
			buildConfigurationList = AE08F3E41882F58A00B9D642 /* Build configuration list for PBXProject "SGImageManager" */;
			compatibilityVersion = "Xcode 3.2";
			developmentRegion = English;
			hasScannedForEncodings = 0;
			knownRegions = (
				en,
			);
			mainGroup = AE08F3E01882F58A00B9D642;
			productRefGroup = AE08F3EA1882F58A00B9D642 /* Products */;
			projectDirPath = "";
			projectRoot = "";
			targets = (
				AE08F3E81882F58A00B9D642 /* SGImageManager */,
				AE08F4031882F58A00B9D642 /* SGImageManagerTests */,
			);
		};
/* End PBXProject section */

/* Begin PBXResourcesBuildPhase section */
		AE08F3E71882F58A00B9D642 /* Resources */ = {
			isa = PBXResourcesBuildPhase;
			buildActionMask = 2147483647;
			files = (
				AE08F42A1883012300B9D642 /* Images.xcassets in Resources */,
				AE08F3F71882F58A00B9D642 /* InfoPlist.strings in Resources */,
				AE08F41C1882F6F800B9D642 /* Storyboard.storyboard in Resources */,
			);
			runOnlyForDeploymentPostprocessing = 0;
		};
		AE08F4021882F58A00B9D642 /* Resources */ = {
			isa = PBXResourcesBuildPhase;
			buildActionMask = 2147483647;
			files = (
				AE08F4101882F58A00B9D642 /* InfoPlist.strings in Resources */,
			);
			runOnlyForDeploymentPostprocessing = 0;
		};
/* End PBXResourcesBuildPhase section */

/* Begin PBXSourcesBuildPhase section */
		AE08F3E51882F58A00B9D642 /* Sources */ = {
			isa = PBXSourcesBuildPhase;
			buildActionMask = 2147483647;
			files = (
				AE08F43018835C4600B9D642 /* SGFetchImageOperation.m in Sources */,
				AE08F3FD1882F58A00B9D642 /* SGAppDelegate.m in Sources */,
				AE08F4281882FFA400B9D642 /* SGCell.m in Sources */,
				AE08F4251882F87500B9D642 /* SGViewController.m in Sources */,
				AE08F42D1883531000B9D642 /* SGImageManager.m in Sources */,
				AE08F3F91882F58A00B9D642 /* main.m in Sources */,
			);
			runOnlyForDeploymentPostprocessing = 0;
		};
		AE08F4001882F58A00B9D642 /* Sources */ = {
			isa = PBXSourcesBuildPhase;
			buildActionMask = 2147483647;
			files = (
				AE08F4121882F58A00B9D642 /* SGImageManagerTests.m in Sources */,
			);
			runOnlyForDeploymentPostprocessing = 0;
		};
/* End PBXSourcesBuildPhase section */

/* Begin PBXTargetDependency section */
		AE08F40A1882F58A00B9D642 /* PBXTargetDependency */ = {
			isa = PBXTargetDependency;
			target = AE08F3E81882F58A00B9D642 /* SGImageManager */;
			targetProxy = AE08F4091882F58A00B9D642 /* PBXContainerItemProxy */;
		};
/* End PBXTargetDependency section */

/* Begin PBXVariantGroup section */
		AE08F3F51882F58A00B9D642 /* InfoPlist.strings */ = {
			isa = PBXVariantGroup;
			children = (
				AE08F3F61882F58A00B9D642 /* en */,
			);
			name = InfoPlist.strings;
			sourceTree = "<group>";
		};
		AE08F40E1882F58A00B9D642 /* InfoPlist.strings */ = {
			isa = PBXVariantGroup;
			children = (
				AE08F40F1882F58A00B9D642 /* en */,
			);
			name = InfoPlist.strings;
			sourceTree = "<group>";
		};
/* End PBXVariantGroup section */

/* Begin XCBuildConfiguration section */
		AE08F4131882F58A00B9D642 /* Debug */ = {
			isa = XCBuildConfiguration;
			buildSettings = {
				ALWAYS_SEARCH_USER_PATHS = NO;
				ARCHS = "$(ARCHS_STANDARD_INCLUDING_64_BIT)";
				CLANG_CXX_LANGUAGE_STANDARD = "gnu++0x";
				CLANG_CXX_LIBRARY = "libc++";
				CLANG_ENABLE_MODULES = YES;
				CLANG_ENABLE_OBJC_ARC = YES;
				CLANG_WARN_BOOL_CONVERSION = YES;
				CLANG_WARN_CONSTANT_CONVERSION = YES;
				CLANG_WARN_DIRECT_OBJC_ISA_USAGE = YES_ERROR;
				CLANG_WARN_EMPTY_BODY = YES;
				CLANG_WARN_ENUM_CONVERSION = YES;
				CLANG_WARN_INT_CONVERSION = YES;
				CLANG_WARN_OBJC_ROOT_CLASS = YES_ERROR;
				CLANG_WARN__DUPLICATE_METHOD_MATCH = YES;
				"CODE_SIGN_IDENTITY[sdk=iphoneos*]" = "iPhone Developer";
				COPY_PHASE_STRIP = NO;
				GCC_C_LANGUAGE_STANDARD = gnu99;
				GCC_DYNAMIC_NO_PIC = NO;
				GCC_OPTIMIZATION_LEVEL = 0;
				GCC_PREPROCESSOR_DEFINITIONS = (
					"DEBUG=1",
					"$(inherited)",
				);
				GCC_SYMBOLS_PRIVATE_EXTERN = NO;
				GCC_WARN_64_TO_32_BIT_CONVERSION = YES;
				GCC_WARN_ABOUT_RETURN_TYPE = YES_ERROR;
				GCC_WARN_UNDECLARED_SELECTOR = YES;
				GCC_WARN_UNINITIALIZED_AUTOS = YES;
				GCC_WARN_UNUSED_FUNCTION = YES;
				GCC_WARN_UNUSED_VARIABLE = YES;
				IPHONEOS_DEPLOYMENT_TARGET = 7.0;
				ONLY_ACTIVE_ARCH = YES;
				SDKROOT = iphoneos;
			};
			name = Debug;
		};
		AE08F4141882F58A00B9D642 /* Release */ = {
			isa = XCBuildConfiguration;
			buildSettings = {
				ALWAYS_SEARCH_USER_PATHS = NO;
				ARCHS = "$(ARCHS_STANDARD_INCLUDING_64_BIT)";
				CLANG_CXX_LANGUAGE_STANDARD = "gnu++0x";
				CLANG_CXX_LIBRARY = "libc++";
				CLANG_ENABLE_MODULES = YES;
				CLANG_ENABLE_OBJC_ARC = YES;
				CLANG_WARN_BOOL_CONVERSION = YES;
				CLANG_WARN_CONSTANT_CONVERSION = YES;
				CLANG_WARN_DIRECT_OBJC_ISA_USAGE = YES_ERROR;
				CLANG_WARN_EMPTY_BODY = YES;
				CLANG_WARN_ENUM_CONVERSION = YES;
				CLANG_WARN_INT_CONVERSION = YES;
				CLANG_WARN_OBJC_ROOT_CLASS = YES_ERROR;
				CLANG_WARN__DUPLICATE_METHOD_MATCH = YES;
				"CODE_SIGN_IDENTITY[sdk=iphoneos*]" = "iPhone Developer";
				COPY_PHASE_STRIP = YES;
				ENABLE_NS_ASSERTIONS = NO;
				GCC_C_LANGUAGE_STANDARD = gnu99;
				GCC_WARN_64_TO_32_BIT_CONVERSION = YES;
				GCC_WARN_ABOUT_RETURN_TYPE = YES_ERROR;
				GCC_WARN_UNDECLARED_SELECTOR = YES;
				GCC_WARN_UNINITIALIZED_AUTOS = YES;
				GCC_WARN_UNUSED_FUNCTION = YES;
				GCC_WARN_UNUSED_VARIABLE = YES;
				IPHONEOS_DEPLOYMENT_TARGET = 7.0;
				SDKROOT = iphoneos;
				VALIDATE_PRODUCT = YES;
			};
			name = Release;
		};
		AE08F4161882F58A00B9D642 /* Debug */ = {
			isa = XCBuildConfiguration;
			buildSettings = {
				ASSETCATALOG_COMPILER_APPICON_NAME = AppIcon;
				ASSETCATALOG_COMPILER_LAUNCHIMAGE_NAME = LaunchImage;
				GCC_PRECOMPILE_PREFIX_HEADER = YES;
				GCC_PREFIX_HEADER = "SGImageManager/SGImageManager-Prefix.pch";
				INFOPLIST_FILE = "SGImageManager/SGImageManager-Info.plist";
				PRODUCT_NAME = "$(TARGET_NAME)";
				WRAPPER_EXTENSION = app;
			};
			name = Debug;
		};
		AE08F4171882F58A00B9D642 /* Release */ = {
			isa = XCBuildConfiguration;
			buildSettings = {
				ASSETCATALOG_COMPILER_APPICON_NAME = AppIcon;
				ASSETCATALOG_COMPILER_LAUNCHIMAGE_NAME = LaunchImage;
				GCC_PRECOMPILE_PREFIX_HEADER = YES;
				GCC_PREFIX_HEADER = "SGImageManager/SGImageManager-Prefix.pch";
				INFOPLIST_FILE = "SGImageManager/SGImageManager-Info.plist";
				PRODUCT_NAME = "$(TARGET_NAME)";
				WRAPPER_EXTENSION = app;
			};
			name = Release;
		};
		AE08F4191882F58A00B9D642 /* Debug */ = {
			isa = XCBuildConfiguration;
			buildSettings = {
				ARCHS = "$(ARCHS_STANDARD_INCLUDING_64_BIT)";
				BUNDLE_LOADER = "$(BUILT_PRODUCTS_DIR)/SGImageManager.app/SGImageManager";
				FRAMEWORK_SEARCH_PATHS = (
					"$(SDKROOT)/Developer/Library/Frameworks",
					"$(inherited)",
					"$(DEVELOPER_FRAMEWORKS_DIR)",
				);
				GCC_PRECOMPILE_PREFIX_HEADER = YES;
				GCC_PREFIX_HEADER = "SGImageManager/SGImageManager-Prefix.pch";
				GCC_PREPROCESSOR_DEFINITIONS = (
					"DEBUG=1",
					"$(inherited)",
				);
				INFOPLIST_FILE = "SGImageManagerTests/SGImageManagerTests-Info.plist";
				PRODUCT_NAME = "$(TARGET_NAME)";
				TEST_HOST = "$(BUNDLE_LOADER)";
				WRAPPER_EXTENSION = xctest;
			};
			name = Debug;
		};
		AE08F41A1882F58A00B9D642 /* Release */ = {
			isa = XCBuildConfiguration;
			buildSettings = {
				ARCHS = "$(ARCHS_STANDARD_INCLUDING_64_BIT)";
				BUNDLE_LOADER = "$(BUILT_PRODUCTS_DIR)/SGImageManager.app/SGImageManager";
				FRAMEWORK_SEARCH_PATHS = (
					"$(SDKROOT)/Developer/Library/Frameworks",
					"$(inherited)",
					"$(DEVELOPER_FRAMEWORKS_DIR)",
				);
				GCC_PRECOMPILE_PREFIX_HEADER = YES;
				GCC_PREFIX_HEADER = "SGImageManager/SGImageManager-Prefix.pch";
				INFOPLIST_FILE = "SGImageManagerTests/SGImageManagerTests-Info.plist";
				PRODUCT_NAME = "$(TARGET_NAME)";
				TEST_HOST = "$(BUNDLE_LOADER)";
				WRAPPER_EXTENSION = xctest;
			};
			name = Release;
		};
/* End XCBuildConfiguration section */

/* Begin XCConfigurationList section */
		AE08F3E41882F58A00B9D642 /* Build configuration list for PBXProject "SGImageManager" */ = {
			isa = XCConfigurationList;
			buildConfigurations = (
				AE08F4131882F58A00B9D642 /* Debug */,
				AE08F4141882F58A00B9D642 /* Release */,
			);
			defaultConfigurationIsVisible = 0;
			defaultConfigurationName = Release;
		};
		AE08F4151882F58A00B9D642 /* Build configuration list for PBXNativeTarget "SGImageManager" */ = {
			isa = XCConfigurationList;
			buildConfigurations = (
				AE08F4161882F58A00B9D642 /* Debug */,
				AE08F4171882F58A00B9D642 /* Release */,
			);
			defaultConfigurationIsVisible = 0;
		};
		AE08F4181882F58A00B9D642 /* Build configuration list for PBXNativeTarget "SGImageManagerTests" */ = {
			isa = XCConfigurationList;
			buildConfigurations = (
				AE08F4191882F58A00B9D642 /* Debug */,
				AE08F41A1882F58A00B9D642 /* Release */,
			);
			defaultConfigurationIsVisible = 0;
		};
/* End XCConfigurationList section */
	};
	rootObject = AE08F3E11882F58A00B9D642 /* Project object */;
}
